
Microsoft Visual Studio Solution File, Format Version 12.00
Project("{FAE04EC0-301F-11D3-BF4B-00C04F79EFBC}") = "AvaloniaApp", "AvaloniaApp\AvaloniaApp.csproj", "{47376454-07A1-4B60-BD0F-600073DC2565}"
EndProject
Global
	GlobalSection(SolutionConfigurationPlatforms) = preSolution
		Debug|Any CPU = Debug|Any CPU
		Release|Any CPU = Release|Any CPU
	EndGlobalSection
	GlobalSection(ProjectConfigurationPlatforms) = postSolution
		{47376454-07A1-4B60-BD0F-600073DC2565}.Debug|Any CPU.ActiveCfg = Debug|Any CPU
		{47376454-07A1-4B60-BD0F-600073DC2565}.Debug|Any CPU.Build.0 = Debug|Any CPU
		{47376454-07A1-4B60-BD0F-600073DC2565}.Release|Any CPU.ActiveCfg = Release|Any CPU
		{47376454-07A1-4B60-BD0F-600073DC2565}.Release|Any CPU.Build.0 = Release|Any CPU
	EndGlobalSection
EndGlobal
